
Microsoft Visual Studio Solution File, Format Version 12.00
# Visual Studio Version 17
VisualStudioVersion = 17.2.32526.322
MinimumVisualStudioVersion = 10.0.40219.1
Project("{FAE04EC0-301F-11D3-BF4B-00C04F79EFBC}") = "ChemicalEfficiency", "ChemicalEfficiency\ChemicalEfficiency.csproj", "{736AF77D-AC2C-4A16-B920-1930C40FD167}"
EndProject
Global
	GlobalSection(SolutionConfigurationPlatforms) = preSolution
		Debug|Any CPU = Debug|Any CPU
		Release|Any CPU = Release|Any CPU
	EndGlobalSection
	GlobalSection(ProjectConfigurationPlatforms) = postSolution
		{736AF77D-AC2C-4A16-B920-1930C40FD167}.Debug|Any CPU.ActiveCfg = Debug|Any CPU
		{736AF77D-AC2C-4A16-B920-1930C40FD167}.Debug|Any CPU.Build.0 = Debug|Any CPU
		{736AF77D-AC2C-4A16-B920-1930C40FD167}.Release|Any CPU.ActiveCfg = Release|Any CPU
		{736AF77D-AC2C-4A16-B920-1930C40FD167}.Release|Any CPU.Build.0 = Release|Any CPU
	EndGlobalSection
	GlobalSection(SolutionProperties) = preSolution
		HideSolutionNode = FALSE
	EndGlobalSection
	GlobalSection(ExtensibilityGlobals) = postSolution
		SolutionGuid = {3ED60D7B-9EC8-4D15-8CBD-A7F14F98F0F1}
	EndGlobalSection
EndGlobal
